
Microsoft Visual Studio Solution File, Format Version 12.00
# Visual Studio Version 17
VisualStudioVersion = 17.13.35931.197
MinimumVisualStudioVersion = 10.0.40219.1
Project("{FAE04EC0-301F-11D3-BF4B-00C04F79EFBC}") = "Group10_FinalProject", "Group10_FinalProject.csproj", "{860768CB-DEFD-4A49-A235-87BC8CCF2406}"
EndProject
Global
	GlobalSection(SolutionConfigurationPlatforms) = preSolution
		Debug|Any CPU = Debug|Any CPU
		Release|Any CPU = Release|Any CPU
	EndGlobalSection
	GlobalSection(ProjectConfigurationPlatforms) = postSolution
		{860768CB-DEFD-4A49-A235-87BC8CCF2406}.Debug|Any CPU.ActiveCfg = Debug|Any CPU
		{860768CB-DEFD-4A49-A235-87BC8CCF2406}.Debug|Any CPU.Build.0 = Debug|Any CPU
		{860768CB-DEFD-4A49-A235-87BC8CCF2406}.Release|Any CPU.ActiveCfg = Release|Any CPU
		{860768CB-DEFD-4A49-A235-87BC8CCF2406}.Release|Any CPU.Build.0 = Release|Any CPU
	EndGlobalSection
	GlobalSection(SolutionProperties) = preSolution
		HideSolutionNode = FALSE
	EndGlobalSection
	GlobalSection(ExtensibilityGlobals) = postSolution
		SolutionGuid = {C44D03F6-CF0B-4199-81CE-F33E02CC5961}
	EndGlobalSection
EndGlobal
